
Microsoft Visual Studio Solution File, Format Version 12.00
# Visual Studio Version 17
VisualStudioVersion = 17.5.33424.131
MinimumVisualStudioVersion = 10.0.40219.1
Project("{FAE04EC0-301F-11D3-BF4B-00C04F79EFBC}") = "Poster", "Poster\Poster.csproj", "{6752E67D-6A78-41C8-92DA-36118B66F371}"
EndProject
Global
	GlobalSection(SolutionConfigurationPlatforms) = preSolution
		Debug|Any CPU = Debug|Any CPU
		Release|Any CPU = Release|Any CPU
	EndGlobalSection
	GlobalSection(ProjectConfigurationPlatforms) = postSolution
		{6752E67D-6A78-41C8-92DA-36118B66F371}.Debug|Any CPU.ActiveCfg = Debug|Any CPU
		{6752E67D-6A78-41C8-92DA-36118B66F371}.Debug|Any CPU.Build.0 = Debug|Any CPU
		{6752E67D-6A78-41C8-92DA-36118B66F371}.Release|Any CPU.ActiveCfg = Release|Any CPU
		{6752E67D-6A78-41C8-92DA-36118B66F371}.Release|Any CPU.Build.0 = Release|Any CPU
	EndGlobalSection
	GlobalSection(SolutionProperties) = preSolution
		HideSolutionNode = FALSE
	EndGlobalSection
	GlobalSection(ExtensibilityGlobals) = postSolution
		SolutionGuid = {7BF927FC-D3D5-4E82-952C-A8E59C6BF18F}
	EndGlobalSection
EndGlobal
